// !$*UTF8*$!
{
	archiveVersion = 1;
	classes = {
	};
	objectVersion = 50;
	objects = {

/* Begin PBXBuildFile section */
		13B94FC0238D15A300F8AA06 /* 111.png in Resources */ = {isa = PBXBuildFile; fileRef = 13B94FBF238D15A300F8AA06 /* 111.png */; };
		13C9269D238BB1E900F84883 /* AppDelegate.m in Sources */ = {isa = PBXBuildFile; fileRef = 13C9269C238BB1E900F84883 /* AppDelegate.m */; };
		13C926A0238BB1E900F84883 /* SceneDelegate.m in Sources */ = {isa = PBXBuildFile; fileRef = 13C9269F238BB1E900F84883 /* SceneDelegate.m */; };
		13C926A3238BB1E900F84883 /* ViewController.m in Sources */ = {isa = PBXBuildFile; fileRef = 13C926A2238BB1E900F84883 /* ViewController.m */; };
		13C926A6238BB1EA00F84883 /* Main.storyboard in Resources */ = {isa = PBXBuildFile; fileRef = 13C926A4238BB1EA00F84883 /* Main.storyboard */; };
		13C926A8238BB1F100F84883 /* Assets.xcassets in Resources */ = {isa = PBXBuildFile; fileRef = 13C926A7238BB1F100F84883 /* Assets.xcassets */; };
		13C926AB238BB1F100F84883 /* LaunchScreen.storyboard in Resources */ = {isa = PBXBuildFile; fileRef = 13C926A9238BB1F100F84883 /* LaunchScreen.storyboard */; };
		13C926AE238BB1F100F84883 /* main.m in Sources */ = {isa = PBXBuildFile; fileRef = 13C926AD238BB1F100F84883 /* main.m */; };
/* End PBXBuildFile section */

/* Begin PBXFileReference section */
		13B94FBF238D15A300F8AA06 /* 111.png */ = {isa = PBXFileReference; lastKnownFileType = image.png; path = 111.png; sourceTree = "<group>"; };
		13C92698238BB1E900F84883 /* DeviceLink.app */ = {isa = PBXFileReference; explicitFileType = wrapper.application; includeInIndex = 0; path = DeviceLink.app; sourceTree = BUILT_PRODUCTS_DIR; };
		13C9269B238BB1E900F84883 /* AppDelegate.h */ = {isa = PBXFileReference; lastKnownFileType = sourcecode.c.h; path = AppDelegate.h; sourceTree = "<group>"; };
		13C9269C238BB1E900F84883 /* AppDelegate.m */ = {isa = PBXFileReference; lastKnownFileType = sourcecode.c.objc; path = AppDelegate.m; sourceTree = "<group>"; };
		13C9269E238BB1E900F84883 /* SceneDelegate.h */ = {isa = PBXFileReference; lastKnownFileType = sourcecode.c.h; path = SceneDelegate.h; sourceTree = "<group>"; };
		13C9269F238BB1E900F84883 /* SceneDelegate.m */ = {isa = PBXFileReference; lastKnownFileType = sourcecode.c.objc; path = SceneDelegate.m; sourceTree = "<group>"; };
		13C926A1238BB1E900F84883 /* ViewController.h */ = {isa = PBXFileReference; lastKnownFileType = sourcecode.c.h; path = ViewController.h; sourceTree = "<group>"; };
		13C926A2238BB1E900F84883 /* ViewController.m */ = {isa = PBXFileReference; lastKnownFileType = sourcecode.c.objc; path = ViewController.m; sourceTree = "<group>"; };
		13C926A5238BB1EA00F84883 /* Base */ = {isa = PBXFileReference; lastKnownFileType = file.storyboard; name = Base; path = Base.lproj/Main.storyboard; sourceTree = "<group>"; };
		13C926A7238BB1F100F84883 /* Assets.xcassets */ = {isa = PBXFileReference; lastKnownFileType = folder.assetcatalog; path = Assets.xcassets; sourceTree = "<group>"; };
		13C926AA238BB1F100F84883 /* Base */ = {isa = PBXFileReference; lastKnownFileType = file.storyboard; name = Base; path = Base.lproj/LaunchScreen.storyboard; sourceTree = "<group>"; };
		13C926AC238BB1F100F84883 /* Info.plist */ = {isa = PBXFileReference; lastKnownFileType = text.plist.xml; path = Info.plist; sourceTree = "<group>"; };
		13C926AD238BB1F100F84883 /* main.m */ = {isa = PBXFileReference; lastKnownFileType = sourcecode.c.objc; path = main.m; sourceTree = "<group>"; };
/* End PBXFileReference section */

/* Begin PBXFrameworksBuildPhase section */
		13C92695238BB1E900F84883 /* Frameworks */ = {
			isa = PBXFrameworksBuildPhase;
			buildActionMask = 2147483647;
			files = (
			);
			runOnlyForDeploymentPostprocessing = 0;
		};
/* End PBXFrameworksBuildPhase section */

/* Begin PBXGroup section */
		13C9268F238BB1E900F84883 = {
			isa = PBXGroup;
			children = (
				13C9269A238BB1E900F84883 /* DeviceLink */,
				13C92699238BB1E900F84883 /* Products */,
			);
			sourceTree = "<group>";
		};
		13C92699238BB1E900F84883 /* Products */ = {
			isa = PBXGroup;
			children = (
				13C92698238BB1E900F84883 /* DeviceLink.app */,
			);
			name = Products;
			sourceTree = "<group>";
		};
		13C9269A238BB1E900F84883 /* DeviceLink */ = {
			isa = PBXGroup;
			children = (
				13B94FBF238D15A300F8AA06 /* 111.png */,
				13C9269B238BB1E900F84883 /* AppDelegate.h */,
				13C9269C238BB1E900F84883 /* AppDelegate.m */,
				13C9269E238BB1E900F84883 /* SceneDelegate.h */,
				13C9269F238BB1E900F84883 /* SceneDelegate.m */,
				13C926A1238BB1E900F84883 /* ViewController.h */,
				13C926A2238BB1E900F84883 /* ViewController.m */,
				13C926A4238BB1EA00F84883 /* Main.storyboard */,
				13C926A7238BB1F100F84883 /* Assets.xcassets */,
				13C926A9238BB1F100F84883 /* LaunchScreen.storyboard */,
				13C926AC238BB1F100F84883 /* Info.plist */,
				13C926AD238BB1F100F84883 /* main.m */,
			);
			path = DeviceLink;
			sourceTree = "<group>";
		};
/* End PBXGroup section */

/* Begin PBXNativeTarget section */
		13C92697238BB1E900F84883 /* DeviceLink */ = {
			isa = PBXNativeTarget;
			buildConfigurationList = 13C926B1238BB1F200F84883 /* Build configuration list for PBXNativeTarget "DeviceLink" */;
			buildPhases = (
				13C92694238BB1E900F84883 /* Sources */,
				13C92695238BB1E900F84883 /* Frameworks */,
				13C92696238BB1E900F84883 /* Resources */,
			);
			buildRules = (
			);
			dependencies = (
			);
			name = DeviceLink;
			productName = DeviceLink;
			productReference = 13C92698238BB1E900F84883 /* DeviceLink.app */;
			productType = "com.apple.product-type.application";
		};
/* End PBXNativeTarget section */

/* Begin PBXProject section */
		13C92690238BB1E900F84883 /* Project object */ = {
			isa = PBXProject;
			attributes = {
				LastUpgradeCheck = 1100;
				ORGANIZATIONNAME = "耿德通";
				TargetAttributes = {
					13C92697238BB1E900F84883 = {
						CreatedOnToolsVersion = 11.0;
					};
				};
			};
			buildConfigurationList = 13C92693238BB1E900F84883 /* Build configuration list for PBXProject "DeviceLink" */;
			compatibilityVersion = "Xcode 9.3";
			developmentRegion = en;
			hasScannedForEncodings = 0;
			knownRegions = (
				en,
				Base,
			);
			mainGroup = 13C9268F238BB1E900F84883;
			productRefGroup = 13C92699238BB1E900F84883 /* Products */;
			projectDirPath = "";
			projectRoot = "";
			targets = (
				13C92697238BB1E900F84883 /* DeviceLink */,
			);
		};
/* End PBXProject section */

/* Begin PBXResourcesBuildPhase section */
		13C92696238BB1E900F84883 /* Resources */ = {
			isa = PBXResourcesBuildPhase;
			buildActionMask = 2147483647;
			files = (
				13C926AB238BB1F100F84883 /* LaunchScreen.storyboard in Resources */,
				13B94FC0238D15A300F8AA06 /* 111.png in Resources */,
				13C926A8238BB1F100F84883 /* Assets.xcassets in Resources */,
				13C926A6238BB1EA00F84883 /* Main.storyboard in Resources */,
			);
			runOnlyForDeploymentPostprocessing = 0;
		};
/* End PBXResourcesBuildPhase section */

/* Begin PBXSourcesBuildPhase section */
		13C92694238BB1E900F84883 /* Sources */ = {
			isa = PBXSourcesBuildPhase;
			buildActionMask = 2147483647;
			files = (
				13C926A3238BB1E900F84883 /* ViewController.m in Sources */,
				13C9269D238BB1E900F84883 /* AppDelegate.m in Sources */,
				13C926AE238BB1F100F84883 /* main.m in Sources */,
				13C926A0238BB1E900F84883 /* SceneDelegate.m in Sources */,
			);
			runOnlyForDeploymentPostprocessing = 0;
		};
/* End PBXSourcesBuildPhase section */

/* Begin PBXVariantGroup section */
		13C926A4238BB1EA00F84883 /* Main.storyboard */ = {
			isa = PBXVariantGroup;
			children = (
				13C926A5238BB1EA00F84883 /* Base */,
			);
			name = Main.storyboard;
			sourceTree = "<group>";
		};
		13C926A9238BB1F100F84883 /* LaunchScreen.storyboard */ = {
			isa = PBXVariantGroup;
			children = (
				13C926AA238BB1F100F84883 /* Base */,
			);
			name = LaunchScreen.storyboard;
			sourceTree = "<group>";
		};
/* End PBXVariantGroup section */

/* Begin XCBuildConfiguration section */
		13C926AF238BB1F200F84883 /* Debug */ = {
			isa = XCBuildConfiguration;
			buildSettings = {
				ALWAYS_SEARCH_USER_PATHS = NO;
				CLANG_ANALYZER_NONNULL = YES;
				CLANG_ANALYZER_NUMBER_OBJECT_CONVERSION = YES_AGGRESSIVE;
				CLANG_CXX_LANGUAGE_STANDARD = "gnu++14";
				CLANG_CXX_LIBRARY = "libc++";
				CLANG_ENABLE_MODULES = YES;
				CLANG_ENABLE_OBJC_ARC = YES;
				CLANG_ENABLE_OBJC_WEAK = YES;
				CLANG_WARN_BLOCK_CAPTURE_AUTORELEASING = YES;
				CLANG_WARN_BOOL_CONVERSION = YES;
				CLANG_WARN_COMMA = YES;
				CLANG_WARN_CONSTANT_CONVERSION = YES;
				CLANG_WARN_DEPRECATED_OBJC_IMPLEMENTATIONS = YES;
				CLANG_WARN_DIRECT_OBJC_ISA_USAGE = YES_ERROR;
				CLANG_WARN_DOCUMENTATION_COMMENTS = YES;
				CLANG_WARN_EMPTY_BODY = YES;
				CLANG_WARN_ENUM_CONVERSION = YES;
				CLANG_WARN_INFINITE_RECURSION = YES;
				CLANG_WARN_INT_CONVERSION = YES;
				CLANG_WARN_NON_LITERAL_NULL_CONVERSION = YES;
				CLANG_WARN_OBJC_IMPLICIT_RETAIN_SELF = YES;
				CLANG_WARN_OBJC_LITERAL_CONVERSION = YES;
				CLANG_WARN_OBJC_ROOT_CLASS = YES_ERROR;
				CLANG_WARN_RANGE_LOOP_ANALYSIS = YES;
				CLANG_WARN_STRICT_PROTOTYPES = YES;
				CLANG_WARN_SUSPICIOUS_MOVE = YES;
				CLANG_WARN_UNGUARDED_AVAILABILITY = YES_AGGRESSIVE;
				CLANG_WARN_UNREACHABLE_CODE = YES;
				CLANG_WARN__DUPLICATE_METHOD_MATCH = YES;
				COPY_PHASE_STRIP = NO;
				DEBUG_INFORMATION_FORMAT = dwarf;
				ENABLE_STRICT_OBJC_MSGSEND = YES;
				ENABLE_TESTABILITY = YES;
				GCC_C_LANGUAGE_STANDARD = gnu11;
				GCC_DYNAMIC_NO_PIC = NO;
				GCC_NO_COMMON_BLOCKS = YES;
				GCC_OPTIMIZATION_LEVEL = 0;
				GCC_PREPROCESSOR_DEFINITIONS = (
					"DEBUG=1",
					"$(inherited)",
				);
				GCC_WARN_64_TO_32_BIT_CONVERSION = YES;
				GCC_WARN_ABOUT_RETURN_TYPE = YES_ERROR;
				GCC_WARN_UNDECLARED_SELECTOR = YES;
				GCC_WARN_UNINITIALIZED_AUTOS = YES_AGGRESSIVE;
				GCC_WARN_UNUSED_FUNCTION = YES;
				GCC_WARN_UNUSED_VARIABLE = YES;
				IPHONEOS_DEPLOYMENT_TARGET = 13.0;
				MTL_ENABLE_DEBUG_INFO = INCLUDE_SOURCE;
				MTL_FAST_MATH = YES;
				ONLY_ACTIVE_ARCH = YES;
				SDKROOT = iphoneos;
			};
			name = Debug;
		};
		13C926B0238BB1F200F84883 /* Release */ = {
			isa = XCBuildConfiguration;
			buildSettings = {
				ALWAYS_SEARCH_USER_PATHS = NO;
				CLANG_ANALYZER_NONNULL = YES;
				CLANG_ANALYZER_NUMBER_OBJECT_CONVERSION = YES_AGGRESSIVE;
				CLANG_CXX_LANGUAGE_STANDARD = "gnu++14";
				CLANG_CXX_LIBRARY = "libc++";
				CLANG_ENABLE_MODULES = YES;
				CLANG_ENABLE_OBJC_ARC = YES;
				CLANG_ENABLE_OBJC_WEAK = YES;
				CLANG_WARN_BLOCK_CAPTURE_AUTORELEASING = YES;
				CLANG_WARN_BOOL_CONVERSION = YES;
				CLANG_WARN_COMMA = YES;
				CLANG_WARN_CONSTANT_CONVERSION = YES;
				CLANG_WARN_DEPRECATED_OBJC_IMPLEMENTATIONS = YES;
				CLANG_WARN_DIRECT_OBJC_ISA_USAGE = YES_ERROR;
				CLANG_WARN_DOCUMENTATION_COMMENTS = YES;
				CLANG_WARN_EMPTY_BODY = YES;
				CLANG_WARN_ENUM_CONVERSION = YES;
				CLANG_WARN_INFINITE_RECURSION = YES;
				CLANG_WARN_INT_CONVERSION = YES;
				CLANG_WARN_NON_LITERAL_NULL_CONVERSION = YES;
				CLANG_WARN_OBJC_IMPLICIT_RETAIN_SELF = YES;
				CLANG_WARN_OBJC_LITERAL_CONVERSION = YES;
				CLANG_WARN_OBJC_ROOT_CLASS = YES_ERROR;
				CLANG_WARN_RANGE_LOOP_ANALYSIS = YES;
				CLANG_WARN_STRICT_PROTOTYPES = YES;
				CLANG_WARN_SUSPICIOUS_MOVE = YES;
				CLANG_WARN_UNGUARDED_AVAILABILITY = YES_AGGRESSIVE;
				CLANG_WARN_UNREACHABLE_CODE = YES;
				CLANG_WARN__DUPLICATE_METHOD_MATCH = YES;
				COPY_PHASE_STRIP = NO;
				DEBUG_INFORMATION_FORMAT = "dwarf-with-dsym";
				ENABLE_NS_ASSERTIONS = NO;
				ENABLE_STRICT_OBJC_MSGSEND = YES;
				GCC_C_LANGUAGE_STANDARD = gnu11;
				GCC_NO_COMMON_BLOCKS = YES;
				GCC_WARN_64_TO_32_BIT_CONVERSION = YES;
				GCC_WARN_ABOUT_RETURN_TYPE = YES_ERROR;
				GCC_WARN_UNDECLARED_SELECTOR = YES;
				GCC_WARN_UNINITIALIZED_AUTOS = YES_AGGRESSIVE;
				GCC_WARN_UNUSED_FUNCTION = YES;
				GCC_WARN_UNUSED_VARIABLE = YES;
				IPHONEOS_DEPLOYMENT_TARGET = 13.0;
				MTL_ENABLE_DEBUG_INFO = NO;
				MTL_FAST_MATH = YES;
				SDKROOT = iphoneos;
				VALIDATE_PRODUCT = YES;
			};
			name = Release;
		};
		13C926B2238BB1F200F84883 /* Debug */ = {
			isa = XCBuildConfiguration;
			buildSettings = {
				ASSETCATALOG_COMPILER_APPICON_NAME = AppIcon;
				CODE_SIGN_STYLE = Automatic;
				DEVELOPMENT_TEAM = 7WD49PX552;
				INFOPLIST_FILE = DeviceLink/Info.plist;
				IPHONEOS_DEPLOYMENT_TARGET = 12.0;
				LD_RUNPATH_SEARCH_PATHS = (
					"$(inherited)",
					"@executable_path/Frameworks",
				);
				PRODUCT_BUNDLE_IDENTIFIER = com.DeTong.DeviceLink;
				PRODUCT_NAME = "$(TARGET_NAME)";
				TARGETED_DEVICE_FAMILY = 1;
				USER_HEADER_SEARCH_PATHS = "$(PODS_ROOT)/**";
			};
			name = Debug;
		};
		13C926B3238BB1F200F84883 /* Release */ = {
			isa = XCBuildConfiguration;
			buildSettings = {
				ASSETCATALOG_COMPILER_APPICON_NAME = AppIcon;
				CODE_SIGN_STYLE = Automatic;
				DEVELOPMENT_TEAM = 7WD49PX552;
				INFOPLIST_FILE = DeviceLink/Info.plist;
				IPHONEOS_DEPLOYMENT_TARGET = 12.0;
				LD_RUNPATH_SEARCH_PATHS = (
					"$(inherited)",
					"@executable_path/Frameworks",
				);
				PRODUCT_BUNDLE_IDENTIFIER = com.DeTong.DeviceLink;
				PRODUCT_NAME = "$(TARGET_NAME)";
				TARGETED_DEVICE_FAMILY = 1;
				USER_HEADER_SEARCH_PATHS = "$(PODS_ROOT)/**";
			};
			name = Release;
		};
/* End XCBuildConfiguration section */

/* Begin XCConfigurationList section */
		13C92693238BB1E900F84883 /* Build configuration list for PBXProject "DeviceLink" */ = {
			isa = XCConfigurationList;
			buildConfigurations = (
				13C926AF238BB1F200F84883 /* Debug */,
				13C926B0238BB1F200F84883 /* Release */,
			);
			defaultConfigurationIsVisible = 0;
			defaultConfigurationName = Release;
		};
		13C926B1238BB1F200F84883 /* Build configuration list for PBXNativeTarget "DeviceLink" */ = {
			isa = XCConfigurationList;
			buildConfigurations = (
				13C926B2238BB1F200F84883 /* Debug */,
				13C926B3238BB1F200F84883 /* Release */,
			);
			defaultConfigurationIsVisible = 0;
			defaultConfigurationName = Release;
		};
/* End XCConfigurationList section */
	};
	rootObject = 13C92690238BB1E900F84883 /* Project object */;
}
